
Microsoft Visual Studio Solution File, Format Version 12.00
# Visual Studio Version 16
VisualStudioVersion = 16.0.31624.102
MinimumVisualStudioVersion = 10.0.40219.1
Project("{FAE04EC0-301F-11D3-BF4B-00C04F79EFBC}") = "ConsultaPatioDetranMg", "ConsultaPatioDetranMg\ConsultaPatioDetranMg.csproj", "{97A0CFF6-5AA0-4A08-8A78-A502E62E1FCD}"
EndProject
Global
	GlobalSection(SolutionConfigurationPlatforms) = preSolution
		Debug|Any CPU = Debug|Any CPU
		Release|Any CPU = Release|Any CPU
	EndGlobalSection
	GlobalSection(ProjectConfigurationPlatforms) = postSolution
		{97A0CFF6-5AA0-4A08-8A78-A502E62E1FCD}.Debug|Any CPU.ActiveCfg = Debug|Any CPU
		{97A0CFF6-5AA0-4A08-8A78-A502E62E1FCD}.Debug|Any CPU.Build.0 = Debug|Any CPU
		{97A0CFF6-5AA0-4A08-8A78-A502E62E1FCD}.Release|Any CPU.ActiveCfg = Release|Any CPU
		{97A0CFF6-5AA0-4A08-8A78-A502E62E1FCD}.Release|Any CPU.Build.0 = Release|Any CPU
	EndGlobalSection
	GlobalSection(SolutionProperties) = preSolution
		HideSolutionNode = FALSE
	EndGlobalSection
	GlobalSection(ExtensibilityGlobals) = postSolution
		SolutionGuid = {528547E3-3B77-4311-81B9-5943EFE40D18}
	EndGlobalSection
EndGlobal
